
Microsoft Visual Studio Solution File, Format Version 12.00
# Visual Studio 15
VisualStudioVersion = 15.0.27004.2002
MinimumVisualStudioVersion = 10.0.40219.1
Project("{FAE04EC0-301F-11D3-BF4B-00C04F79EFBC}") = "TrelloStart.Android", "TrelloStart\TrelloStart.Android\TrelloStart.Android.csproj", "{E7811514-2505-442A-974B-A83B338CFFD9}"
EndProject
Project("{FAE04EC0-301F-11D3-BF4B-00C04F79EFBC}") = "TrelloStart", "TrelloStart\TrelloStart\TrelloStart.csproj", "{7577E9DC-63DB-439D-8F83-BC4F652DE503}"
EndProject
Project("{FAE04EC0-301F-11D3-BF4B-00C04F79EFBC}") = "TrelloStart.UWP", "TrelloStart\TrelloStart.UWP\TrelloStart.UWP.csproj", "{B0A0D434-F4C3-483D-AE97-04805BCFEE41}"
EndProject
Project("{FAE04EC0-301F-11D3-BF4B-00C04F79EFBC}") = "TrelloStart.iOS", "TrelloStart\TrelloStart.iOS\TrelloStart.iOS.csproj", "{5D3C7E51-B256-4311-A8B9-6B8666067838}"
EndProject
Global
	GlobalSection(SolutionConfigurationPlatforms) = preSolution
		Ad-Hoc|Any CPU = Ad-Hoc|Any CPU
		Ad-Hoc|ARM = Ad-Hoc|ARM
		Ad-Hoc|iPhone = Ad-Hoc|iPhone
		Ad-Hoc|iPhoneSimulator = Ad-Hoc|iPhoneSimulator
		Ad-Hoc|x64 = Ad-Hoc|x64
		Ad-Hoc|x86 = Ad-Hoc|x86
		AppStore|Any CPU = AppStore|Any CPU
		AppStore|ARM = AppStore|ARM
		AppStore|iPhone = AppStore|iPhone
		AppStore|iPhoneSimulator = AppStore|iPhoneSimulator
		AppStore|x64 = AppStore|x64
		AppStore|x86 = AppStore|x86
		Debug|Any CPU = Debug|Any CPU
		Debug|ARM = Debug|ARM
		Debug|iPhone = Debug|iPhone
		Debug|iPhoneSimulator = Debug|iPhoneSimulator
		Debug|x64 = Debug|x64
		Debug|x86 = Debug|x86
		Release|Any CPU = Release|Any CPU
		Release|ARM = Release|ARM
		Release|iPhone = Release|iPhone
		Release|iPhoneSimulator = Release|iPhoneSimulator
		Release|x64 = Release|x64
		Release|x86 = Release|x86
	EndGlobalSection
	GlobalSection(ProjectConfigurationPlatforms) = postSolution
		{E7811514-2505-442A-974B-A83B338CFFD9}.Ad-Hoc|Any CPU.ActiveCfg = Release|Any CPU
		{E7811514-2505-442A-974B-A83B338CFFD9}.Ad-Hoc|Any CPU.Build.0 = Release|Any CPU
		{E7811514-2505-442A-974B-A83B338CFFD9}.Ad-Hoc|Any CPU.Deploy.0 = Release|Any CPU
		{E7811514-2505-442A-974B-A83B338CFFD9}.Ad-Hoc|ARM.ActiveCfg = Release|Any CPU
		{E7811514-2505-442A-974B-A83B338CFFD9}.Ad-Hoc|ARM.Build.0 = Release|Any CPU
		{E7811514-2505-442A-974B-A83B338CFFD9}.Ad-Hoc|ARM.Deploy.0 = Release|Any CPU
		{E7811514-2505-442A-974B-A83B338CFFD9}.Ad-Hoc|iPhone.ActiveCfg = Release|Any CPU
		{E7811514-2505-442A-974B-A83B338CFFD9}.Ad-Hoc|iPhone.Build.0 = Release|Any CPU
		{E7811514-2505-442A-974B-A83B338CFFD9}.Ad-Hoc|iPhone.Deploy.0 = Release|Any CPU
		{E7811514-2505-442A-974B-A83B338CFFD9}.Ad-Hoc|iPhoneSimulator.ActiveCfg = Release|Any CPU
		{E7811514-2505-442A-974B-A83B338CFFD9}.Ad-Hoc|iPhoneSimulator.Build.0 = Release|Any CPU
		{E7811514-2505-442A-974B-A83B338CFFD9}.Ad-Hoc|iPhoneSimulator.Deploy.0 = Release|Any CPU
		{E7811514-2505-442A-974B-A83B338CFFD9}.Ad-Hoc|x64.ActiveCfg = Release|Any CPU
		{E7811514-2505-442A-974B-A83B338CFFD9}.Ad-Hoc|x64.Build.0 = Release|Any CPU
		{E7811514-2505-442A-974B-A83B338CFFD9}.Ad-Hoc|x64.Deploy.0 = Release|Any CPU
		{E7811514-2505-442A-974B-A83B338CFFD9}.Ad-Hoc|x86.ActiveCfg = Release|Any CPU
		{E7811514-2505-442A-974B-A83B338CFFD9}.Ad-Hoc|x86.Build.0 = Release|Any CPU
		{E7811514-2505-442A-974B-A83B338CFFD9}.Ad-Hoc|x86.Deploy.0 = Release|Any CPU
		{E7811514-2505-442A-974B-A83B338CFFD9}.AppStore|Any CPU.ActiveCfg = Release|Any CPU
		{E7811514-2505-442A-974B-A83B338CFFD9}.AppStore|Any CPU.Build.0 = Release|Any CPU
		{E7811514-2505-442A-974B-A83B338CFFD9}.AppStore|Any CPU.Deploy.0 = Release|Any CPU
		{E7811514-2505-442A-974B-A83B338CFFD9}.AppStore|ARM.ActiveCfg = Release|Any CPU
		{E7811514-2505-442A-974B-A83B338CFFD9}.AppStore|ARM.Build.0 = Release|Any CPU
		{E7811514-2505-442A-974B-A83B338CFFD9}.AppStore|ARM.Deploy.0 = Release|Any CPU
		{E7811514-2505-442A-974B-A83B338CFFD9}.AppStore|iPhone.ActiveCfg = Release|Any CPU
		{E7811514-2505-442A-974B-A83B338CFFD9}.AppStore|iPhone.Build.0 = Release|Any CPU
		{E7811514-2505-442A-974B-A83B338CFFD9}.AppStore|iPhone.Deploy.0 = Release|Any CPU
		{E7811514-2505-442A-974B-A83B338CFFD9}.AppStore|iPhoneSimulator.ActiveCfg = Release|Any CPU
		{E7811514-2505-442A-974B-A83B338CFFD9}.AppStore|iPhoneSimulator.Build.0 = Release|Any CPU
		{E7811514-2505-442A-974B-A83B338CFFD9}.AppStore|iPhoneSimulator.Deploy.0 = Release|Any CPU
		{E7811514-2505-442A-974B-A83B338CFFD9}.AppStore|x64.ActiveCfg = Release|Any CPU
		{E7811514-2505-442A-974B-A83B338CFFD9}.AppStore|x64.Build.0 = Release|Any CPU
		{E7811514-2505-442A-974B-A83B338CFFD9}.AppStore|x64.Deploy.0 = Release|Any CPU
		{E7811514-2505-442A-974B-A83B338CFFD9}.AppStore|x86.ActiveCfg = Release|Any CPU
		{E7811514-2505-442A-974B-A83B338CFFD9}.AppStore|x86.Build.0 = Release|Any CPU
		{E7811514-2505-442A-974B-A83B338CFFD9}.AppStore|x86.Deploy.0 = Release|Any CPU
		{E7811514-2505-442A-974B-A83B338CFFD9}.Debug|Any CPU.ActiveCfg = Debug|Any CPU
		{E7811514-2505-442A-974B-A83B338CFFD9}.Debug|Any CPU.Build.0 = Debug|Any CPU
		{E7811514-2505-442A-974B-A83B338CFFD9}.Debug|Any CPU.Deploy.0 = Debug|Any CPU
		{E7811514-2505-442A-974B-A83B338CFFD9}.Debug|ARM.ActiveCfg = Debug|Any CPU
		{E7811514-2505-442A-974B-A83B338CFFD9}.Debug|ARM.Build.0 = Debug|Any CPU
		{E7811514-2505-442A-974B-A83B338CFFD9}.Debug|ARM.Deploy.0 = Debug|Any CPU
		{E7811514-2505-442A-974B-A83B338CFFD9}.Debug|iPhone.ActiveCfg = Debug|Any CPU
		{E7811514-2505-442A-974B-A83B338CFFD9}.Debug|iPhone.Build.0 = Debug|Any CPU
		{E7811514-2505-442A-974B-A83B338CFFD9}.Debug|iPhone.Deploy.0 = Debug|Any CPU
		{E7811514-2505-442A-974B-A83B338CFFD9}.Debug|iPhoneSimulator.ActiveCfg = Debug|Any CPU
		{E7811514-2505-442A-974B-A83B338CFFD9}.Debug|iPhoneSimulator.Build.0 = Debug|Any CPU
		{E7811514-2505-442A-974B-A83B338CFFD9}.Debug|iPhoneSimulator.Deploy.0 = Debug|Any CPU
		{E7811514-2505-442A-974B-A83B338CFFD9}.Debug|x64.ActiveCfg = Debug|Any CPU
		{E7811514-2505-442A-974B-A83B338CFFD9}.Debug|x64.Build.0 = Debug|Any CPU
		{E7811514-2505-442A-974B-A83B338CFFD9}.Debug|x64.Deploy.0 = Debug|Any CPU
		{E7811514-2505-442A-974B-A83B338CFFD9}.Debug|x86.ActiveCfg = Debug|Any CPU
		{E7811514-2505-442A-974B-A83B338CFFD9}.Debug|x86.Build.0 = Debug|Any CPU
		{E7811514-2505-442A-974B-A83B338CFFD9}.Debug|x86.Deploy.0 = Debug|Any CPU
		{E7811514-2505-442A-974B-A83B338CFFD9}.Release|Any CPU.ActiveCfg = Release|Any CPU
		{E7811514-2505-442A-974B-A83B338CFFD9}.Release|Any CPU.Build.0 = Release|Any CPU
		{E7811514-2505-442A-974B-A83B338CFFD9}.Release|Any CPU.Deploy.0 = Release|Any CPU
		{E7811514-2505-442A-974B-A83B338CFFD9}.Release|ARM.ActiveCfg = Release|Any CPU
		{E7811514-2505-442A-974B-A83B338CFFD9}.Release|ARM.Build.0 = Release|Any CPU
		{E7811514-2505-442A-974B-A83B338CFFD9}.Release|ARM.Deploy.0 = Release|Any CPU
		{E7811514-2505-442A-974B-A83B338CFFD9}.Release|iPhone.ActiveCfg = Release|Any CPU
		{E7811514-2505-442A-974B-A83B338CFFD9}.Release|iPhone.Build.0 = Release|Any CPU
		{E7811514-2505-442A-974B-A83B338CFFD9}.Release|iPhone.Deploy.0 = Release|Any CPU
		{E7811514-2505-442A-974B-A83B338CFFD9}.Release|iPhoneSimulator.ActiveCfg = Release|Any CPU
		{E7811514-2505-442A-974B-A83B338CFFD9}.Release|iPhoneSimulator.Build.0 = Release|Any CPU
		{E7811514-2505-442A-974B-A83B338CFFD9}.Release|iPhoneSimulator.Deploy.0 = Release|Any CPU
		{E7811514-2505-442A-974B-A83B338CFFD9}.Release|x64.ActiveCfg = Release|Any CPU
		{E7811514-2505-442A-974B-A83B338CFFD9}.Release|x64.Build.0 = Release|Any CPU
		{E7811514-2505-442A-974B-A83B338CFFD9}.Release|x64.Deploy.0 = Release|Any CPU
		{E7811514-2505-442A-974B-A83B338CFFD9}.Release|x86.ActiveCfg = Release|Any CPU
		{E7811514-2505-442A-974B-A83B338CFFD9}.Release|x86.Build.0 = Release|Any CPU
		{E7811514-2505-442A-974B-A83B338CFFD9}.Release|x86.Deploy.0 = Release|Any CPU
		{7577E9DC-63DB-439D-8F83-BC4F652DE503}.Ad-Hoc|Any CPU.ActiveCfg = Release|Any CPU
		{7577E9DC-63DB-439D-8F83-BC4F652DE503}.Ad-Hoc|Any CPU.Build.0 = Release|Any CPU
		{7577E9DC-63DB-439D-8F83-BC4F652DE503}.Ad-Hoc|ARM.ActiveCfg = Release|Any CPU
		{7577E9DC-63DB-439D-8F83-BC4F652DE503}.Ad-Hoc|ARM.Build.0 = Release|Any CPU
		{7577E9DC-63DB-439D-8F83-BC4F652DE503}.Ad-Hoc|iPhone.ActiveCfg = Release|Any CPU
		{7577E9DC-63DB-439D-8F83-BC4F652DE503}.Ad-Hoc|iPhone.Build.0 = Release|Any CPU
		{7577E9DC-63DB-439D-8F83-BC4F652DE503}.Ad-Hoc|iPhoneSimulator.ActiveCfg = Release|Any CPU
		{7577E9DC-63DB-439D-8F83-BC4F652DE503}.Ad-Hoc|iPhoneSimulator.Build.0 = Release|Any CPU
		{7577E9DC-63DB-439D-8F83-BC4F652DE503}.Ad-Hoc|x64.ActiveCfg = Release|Any CPU
		{7577E9DC-63DB-439D-8F83-BC4F652DE503}.Ad-Hoc|x64.Build.0 = Release|Any CPU
		{7577E9DC-63DB-439D-8F83-BC4F652DE503}.Ad-Hoc|x86.ActiveCfg = Release|Any CPU
		{7577E9DC-63DB-439D-8F83-BC4F652DE503}.Ad-Hoc|x86.Build.0 = Release|Any CPU
		{7577E9DC-63DB-439D-8F83-BC4F652DE503}.AppStore|Any CPU.ActiveCfg = Release|Any CPU
		{7577E9DC-63DB-439D-8F83-BC4F652DE503}.AppStore|Any CPU.Build.0 = Release|Any CPU
		{7577E9DC-63DB-439D-8F83-BC4F652DE503}.AppStore|ARM.ActiveCfg = Release|Any CPU
		{7577E9DC-63DB-439D-8F83-BC4F652DE503}.AppStore|ARM.Build.0 = Release|Any CPU
		{7577E9DC-63DB-439D-8F83-BC4F652DE503}.AppStore|iPhone.ActiveCfg = Release|Any CPU
		{7577E9DC-63DB-439D-8F83-BC4F652DE503}.AppStore|iPhone.Build.0 = Release|Any CPU
		{7577E9DC-63DB-439D-8F83-BC4F652DE503}.AppStore|iPhoneSimulator.ActiveCfg = Release|Any CPU
		{7577E9DC-63DB-439D-8F83-BC4F652DE503}.AppStore|iPhoneSimulator.Build.0 = Release|Any CPU
		{7577E9DC-63DB-439D-8F83-BC4F652DE503}.AppStore|x64.ActiveCfg = Release|Any CPU
		{7577E9DC-63DB-439D-8F83-BC4F652DE503}.AppStore|x64.Build.0 = Release|Any CPU
		{7577E9DC-63DB-439D-8F83-BC4F652DE503}.AppStore|x86.ActiveCfg = Release|Any CPU
		{7577E9DC-63DB-439D-8F83-BC4F652DE503}.AppStore|x86.Build.0 = Release|Any CPU
		{7577E9DC-63DB-439D-8F83-BC4F652DE503}.Debug|Any CPU.ActiveCfg = Debug|Any CPU
		{7577E9DC-63DB-439D-8F83-BC4F652DE503}.Debug|Any CPU.Build.0 = Debug|Any CPU
		{7577E9DC-63DB-439D-8F83-BC4F652DE503}.Debug|ARM.ActiveCfg = Debug|Any CPU
		{7577E9DC-63DB-439D-8F83-BC4F652DE503}.Debug|ARM.Build.0 = Debug|Any CPU
		{7577E9DC-63DB-439D-8F83-BC4F652DE503}.Debug|iPhone.ActiveCfg = Debug|Any CPU
		{7577E9DC-63DB-439D-8F83-BC4F652DE503}.Debug|iPhone.Build.0 = Debug|Any CPU
		{7577E9DC-63DB-439D-8F83-BC4F652DE503}.Debug|iPhoneSimulator.ActiveCfg = Debug|Any CPU
		{7577E9DC-63DB-439D-8F83-BC4F652DE503}.Debug|iPhoneSimulator.Build.0 = Debug|Any CPU
		{7577E9DC-63DB-439D-8F83-BC4F652DE503}.Debug|x64.ActiveCfg = Debug|Any CPU
		{7577E9DC-63DB-439D-8F83-BC4F652DE503}.Debug|x64.Build.0 = Debug|Any CPU
		{7577E9DC-63DB-439D-8F83-BC4F652DE503}.Debug|x86.ActiveCfg = Debug|Any CPU
		{7577E9DC-63DB-439D-8F83-BC4F652DE503}.Debug|x86.Build.0 = Debug|Any CPU
		{7577E9DC-63DB-439D-8F83-BC4F652DE503}.Release|Any CPU.ActiveCfg = Release|Any CPU
		{7577E9DC-63DB-439D-8F83-BC4F652DE503}.Release|Any CPU.Build.0 = Release|Any CPU
		{7577E9DC-63DB-439D-8F83-BC4F652DE503}.Release|ARM.ActiveCfg = Release|Any CPU
		{7577E9DC-63DB-439D-8F83-BC4F652DE503}.Release|ARM.Build.0 = Release|Any CPU
		{7577E9DC-63DB-439D-8F83-BC4F652DE503}.Release|iPhone.ActiveCfg = Release|Any CPU
		{7577E9DC-63DB-439D-8F83-BC4F652DE503}.Release|iPhone.Build.0 = Release|Any CPU
		{7577E9DC-63DB-439D-8F83-BC4F652DE503}.Release|iPhoneSimulator.ActiveCfg = Release|Any CPU
		{7577E9DC-63DB-439D-8F83-BC4F652DE503}.Release|iPhoneSimulator.Build.0 = Release|Any CPU
		{7577E9DC-63DB-439D-8F83-BC4F652DE503}.Release|x64.ActiveCfg = Release|Any CPU
		{7577E9DC-63DB-439D-8F83-BC4F652DE503}.Release|x64.Build.0 = Release|Any CPU
		{7577E9DC-63DB-439D-8F83-BC4F652DE503}.Release|x86.ActiveCfg = Release|Any CPU
		{7577E9DC-63DB-439D-8F83-BC4F652DE503}.Release|x86.Build.0 = Release|Any CPU
		{B0A0D434-F4C3-483D-AE97-04805BCFEE41}.Ad-Hoc|Any CPU.ActiveCfg = Release|x86
		{B0A0D434-F4C3-483D-AE97-04805BCFEE41}.Ad-Hoc|Any CPU.Build.0 = Release|x86
		{B0A0D434-F4C3-483D-AE97-04805BCFEE41}.Ad-Hoc|Any CPU.Deploy.0 = Release|x86
		{B0A0D434-F4C3-483D-AE97-04805BCFEE41}.Ad-Hoc|ARM.ActiveCfg = Release|ARM
		{B0A0D434-F4C3-483D-AE97-04805BCFEE41}.Ad-Hoc|ARM.Build.0 = Release|ARM
		{B0A0D434-F4C3-483D-AE97-04805BCFEE41}.Ad-Hoc|ARM.Deploy.0 = Release|ARM
		{B0A0D434-F4C3-483D-AE97-04805BCFEE41}.Ad-Hoc|iPhone.ActiveCfg = Release|x86
		{B0A0D434-F4C3-483D-AE97-04805BCFEE41}.Ad-Hoc|iPhone.Build.0 = Release|x86
		{B0A0D434-F4C3-483D-AE97-04805BCFEE41}.Ad-Hoc|iPhone.Deploy.0 = Release|x86
		{B0A0D434-F4C3-483D-AE97-04805BCFEE41}.Ad-Hoc|iPhoneSimulator.ActiveCfg = Release|x86
		{B0A0D434-F4C3-483D-AE97-04805BCFEE41}.Ad-Hoc|iPhoneSimulator.Build.0 = Release|x86
		{B0A0D434-F4C3-483D-AE97-04805BCFEE41}.Ad-Hoc|iPhoneSimulator.Deploy.0 = Release|x86
		{B0A0D434-F4C3-483D-AE97-04805BCFEE41}.Ad-Hoc|x64.ActiveCfg = Release|x64
		{B0A0D434-F4C3-483D-AE97-04805BCFEE41}.Ad-Hoc|x64.Build.0 = Release|x64
		{B0A0D434-F4C3-483D-AE97-04805BCFEE41}.Ad-Hoc|x64.Deploy.0 = Release|x64
		{B0A0D434-F4C3-483D-AE97-04805BCFEE41}.Ad-Hoc|x86.ActiveCfg = Release|x86
		{B0A0D434-F4C3-483D-AE97-04805BCFEE41}.Ad-Hoc|x86.Build.0 = Release|x86
		{B0A0D434-F4C3-483D-AE97-04805BCFEE41}.Ad-Hoc|x86.Deploy.0 = Release|x86
		{B0A0D434-F4C3-483D-AE97-04805BCFEE41}.AppStore|Any CPU.ActiveCfg = Release|x86
		{B0A0D434-F4C3-483D-AE97-04805BCFEE41}.AppStore|Any CPU.Build.0 = Release|x86
		{B0A0D434-F4C3-483D-AE97-04805BCFEE41}.AppStore|Any CPU.Deploy.0 = Release|x86
		{B0A0D434-F4C3-483D-AE97-04805BCFEE41}.AppStore|ARM.ActiveCfg = Release|ARM
		{B0A0D434-F4C3-483D-AE97-04805BCFEE41}.AppStore|ARM.Build.0 = Release|ARM
		{B0A0D434-F4C3-483D-AE97-04805BCFEE41}.AppStore|ARM.Deploy.0 = Release|ARM
		{B0A0D434-F4C3-483D-AE97-04805BCFEE41}.AppStore|iPhone.ActiveCfg = Release|x86
		{B0A0D434-F4C3-483D-AE97-04805BCFEE41}.AppStore|iPhone.Build.0 = Release|x86
		{B0A0D434-F4C3-483D-AE97-04805BCFEE41}.AppStore|iPhone.Deploy.0 = Release|x86
		{B0A0D434-F4C3-483D-AE97-04805BCFEE41}.AppStore|iPhoneSimulator.ActiveCfg = Release|x86
		{B0A0D434-F4C3-483D-AE97-04805BCFEE41}.AppStore|iPhoneSimulator.Build.0 = Release|x86
		{B0A0D434-F4C3-483D-AE97-04805BCFEE41}.AppStore|iPhoneSimulator.Deploy.0 = Release|x86
		{B0A0D434-F4C3-483D-AE97-04805BCFEE41}.AppStore|x64.ActiveCfg = Release|x64
		{B0A0D434-F4C3-483D-AE97-04805BCFEE41}.AppStore|x64.Build.0 = Release|x64
		{B0A0D434-F4C3-483D-AE97-04805BCFEE41}.AppStore|x64.Deploy.0 = Release|x64
		{B0A0D434-F4C3-483D-AE97-04805BCFEE41}.AppStore|x86.ActiveCfg = Release|x86
		{B0A0D434-F4C3-483D-AE97-04805BCFEE41}.AppStore|x86.Build.0 = Release|x86
		{B0A0D434-F4C3-483D-AE97-04805BCFEE41}.AppStore|x86.Deploy.0 = Release|x86
		{B0A0D434-F4C3-483D-AE97-04805BCFEE41}.Debug|Any CPU.ActiveCfg = Debug|x86
		{B0A0D434-F4C3-483D-AE97-04805BCFEE41}.Debug|ARM.ActiveCfg = Debug|ARM
		{B0A0D434-F4C3-483D-AE97-04805BCFEE41}.Debug|ARM.Build.0 = Debug|ARM
		{B0A0D434-F4C3-483D-AE97-04805BCFEE41}.Debug|ARM.Deploy.0 = Debug|ARM
		{B0A0D434-F4C3-483D-AE97-04805BCFEE41}.Debug|iPhone.ActiveCfg = Debug|x86
		{B0A0D434-F4C3-483D-AE97-04805BCFEE41}.Debug|iPhoneSimulator.ActiveCfg = Debug|x86
		{B0A0D434-F4C3-483D-AE97-04805BCFEE41}.Debug|x64.ActiveCfg = Debug|x64
		{B0A0D434-F4C3-483D-AE97-04805BCFEE41}.Debug|x64.Build.0 = Debug|x64
		{B0A0D434-F4C3-483D-AE97-04805BCFEE41}.Debug|x64.Deploy.0 = Debug|x64
		{B0A0D434-F4C3-483D-AE97-04805BCFEE41}.Debug|x86.ActiveCfg = Debug|x86
		{B0A0D434-F4C3-483D-AE97-04805BCFEE41}.Debug|x86.Build.0 = Debug|x86
		{B0A0D434-F4C3-483D-AE97-04805BCFEE41}.Debug|x86.Deploy.0 = Debug|x86
		{B0A0D434-F4C3-483D-AE97-04805BCFEE41}.Release|Any CPU.ActiveCfg = Release|x86
		{B0A0D434-F4C3-483D-AE97-04805BCFEE41}.Release|ARM.ActiveCfg = Release|ARM
		{B0A0D434-F4C3-483D-AE97-04805BCFEE41}.Release|ARM.Build.0 = Release|ARM
		{B0A0D434-F4C3-483D-AE97-04805BCFEE41}.Release|ARM.Deploy.0 = Release|ARM
		{B0A0D434-F4C3-483D-AE97-04805BCFEE41}.Release|iPhone.ActiveCfg = Release|x86
		{B0A0D434-F4C3-483D-AE97-04805BCFEE41}.Release|iPhoneSimulator.ActiveCfg = Release|x86
		{B0A0D434-F4C3-483D-AE97-04805BCFEE41}.Release|x64.ActiveCfg = Release|x64
		{B0A0D434-F4C3-483D-AE97-04805BCFEE41}.Release|x64.Build.0 = Release|x64
		{B0A0D434-F4C3-483D-AE97-04805BCFEE41}.Release|x64.Deploy.0 = Release|x64
		{B0A0D434-F4C3-483D-AE97-04805BCFEE41}.Release|x86.ActiveCfg = Release|x86
		{B0A0D434-F4C3-483D-AE97-04805BCFEE41}.Release|x86.Build.0 = Release|x86
		{B0A0D434-F4C3-483D-AE97-04805BCFEE41}.Release|x86.Deploy.0 = Release|x86
		{5D3C7E51-B256-4311-A8B9-6B8666067838}.Ad-Hoc|Any CPU.ActiveCfg = Ad-Hoc|iPhoneSimulator
		{5D3C7E51-B256-4311-A8B9-6B8666067838}.Ad-Hoc|ARM.ActiveCfg = Ad-Hoc|iPhone
		{5D3C7E51-B256-4311-A8B9-6B8666067838}.Ad-Hoc|iPhone.ActiveCfg = Ad-Hoc|iPhone
		{5D3C7E51-B256-4311-A8B9-6B8666067838}.Ad-Hoc|iPhone.Build.0 = Ad-Hoc|iPhone
		{5D3C7E51-B256-4311-A8B9-6B8666067838}.Ad-Hoc|iPhoneSimulator.ActiveCfg = Ad-Hoc|iPhoneSimulator
		{5D3C7E51-B256-4311-A8B9-6B8666067838}.Ad-Hoc|iPhoneSimulator.Build.0 = Ad-Hoc|iPhoneSimulator
		{5D3C7E51-B256-4311-A8B9-6B8666067838}.Ad-Hoc|x64.ActiveCfg = Ad-Hoc|iPhone
		{5D3C7E51-B256-4311-A8B9-6B8666067838}.Ad-Hoc|x86.ActiveCfg = Ad-Hoc|iPhone
		{5D3C7E51-B256-4311-A8B9-6B8666067838}.AppStore|Any CPU.ActiveCfg = AppStore|iPhoneSimulator
		{5D3C7E51-B256-4311-A8B9-6B8666067838}.AppStore|ARM.ActiveCfg = AppStore|iPhone
		{5D3C7E51-B256-4311-A8B9-6B8666067838}.AppStore|iPhone.ActiveCfg = AppStore|iPhone
		{5D3C7E51-B256-4311-A8B9-6B8666067838}.AppStore|iPhone.Build.0 = AppStore|iPhone
		{5D3C7E51-B256-4311-A8B9-6B8666067838}.AppStore|iPhoneSimulator.ActiveCfg = AppStore|iPhoneSimulator
		{5D3C7E51-B256-4311-A8B9-6B8666067838}.AppStore|iPhoneSimulator.Build.0 = AppStore|iPhoneSimulator
		{5D3C7E51-B256-4311-A8B9-6B8666067838}.AppStore|x64.ActiveCfg = AppStore|iPhone
		{5D3C7E51-B256-4311-A8B9-6B8666067838}.AppStore|x86.ActiveCfg = AppStore|iPhone
		{5D3C7E51-B256-4311-A8B9-6B8666067838}.Debug|Any CPU.ActiveCfg = Debug|iPhoneSimulator
		{5D3C7E51-B256-4311-A8B9-6B8666067838}.Debug|ARM.ActiveCfg = Debug|iPhone
		{5D3C7E51-B256-4311-A8B9-6B8666067838}.Debug|iPhone.ActiveCfg = Debug|iPhone
		{5D3C7E51-B256-4311-A8B9-6B8666067838}.Debug|iPhone.Build.0 = Debug|iPhone
		{5D3C7E51-B256-4311-A8B9-6B8666067838}.Debug|iPhoneSimulator.ActiveCfg = Debug|iPhoneSimulator
		{5D3C7E51-B256-4311-A8B9-6B8666067838}.Debug|iPhoneSimulator.Build.0 = Debug|iPhoneSimulator
		{5D3C7E51-B256-4311-A8B9-6B8666067838}.Debug|x64.ActiveCfg = Debug|iPhone
		{5D3C7E51-B256-4311-A8B9-6B8666067838}.Debug|x86.ActiveCfg = Debug|iPhone
		{5D3C7E51-B256-4311-A8B9-6B8666067838}.Release|Any CPU.ActiveCfg = Release|iPhoneSimulator
		{5D3C7E51-B256-4311-A8B9-6B8666067838}.Release|ARM.ActiveCfg = Release|iPhone
		{5D3C7E51-B256-4311-A8B9-6B8666067838}.Release|iPhone.ActiveCfg = Release|iPhone
		{5D3C7E51-B256-4311-A8B9-6B8666067838}.Release|iPhone.Build.0 = Release|iPhone
		{5D3C7E51-B256-4311-A8B9-6B8666067838}.Release|iPhoneSimulator.ActiveCfg = Release|iPhoneSimulator
		{5D3C7E51-B256-4311-A8B9-6B8666067838}.Release|iPhoneSimulator.Build.0 = Release|iPhoneSimulator
		{5D3C7E51-B256-4311-A8B9-6B8666067838}.Release|x64.ActiveCfg = Release|iPhone
		{5D3C7E51-B256-4311-A8B9-6B8666067838}.Release|x86.ActiveCfg = Release|iPhone
	EndGlobalSection
	GlobalSection(SolutionProperties) = preSolution
		HideSolutionNode = FALSE
	EndGlobalSection
	GlobalSection(ExtensibilityGlobals) = postSolution
		SolutionGuid = {4AE4C990-692A-40AD-803F-E928425CDAA1}
	EndGlobalSection
EndGlobal
